
Microsoft Visual Studio Solution File, Format Version 11.00
# Visual Studio 2010
Project("{FAE04EC0-301F-11D3-BF4B-00C04F79EFBC}") = "UnityEngine.TestRunner", "UnityEngine.TestRunner.csproj", "{1F6A94D9-7991-A989-A463-0E4D161807FD}"
EndProject
Project("{FAE04EC0-301F-11D3-BF4B-00C04F79EFBC}") = "UnityEngine.UI", "UnityEngine.UI.csproj", "{884E8218-758A-60A5-D178-83F54D59FC2E}"
EndProject
Project("{FAE04EC0-301F-11D3-BF4B-00C04F79EFBC}") = "Unity.TextMeshPro", "Unity.TextMeshPro.csproj", "{DF48DB2C-5BDC-F115-3C02-F2365D28530F}"
EndProject
Project("{FAE04EC0-301F-11D3-BF4B-00C04F79EFBC}") = "Unity.Timeline", "Unity.Timeline.csproj", "{A41A1EE4-A454-2399-E3D9-066E779B8B74}"
EndProject
Project("{FAE04EC0-301F-11D3-BF4B-00C04F79EFBC}") = "Assembly-CSharp", "Assembly-CSharp.csproj", "{9DBD4DB7-FE83-4585-D7FD-DE981D945B4A}"
EndProject
Project("{FAE04EC0-301F-11D3-BF4B-00C04F79EFBC}") = "UnityEditor.TestRunner", "UnityEditor.TestRunner.csproj", "{95AC5118-D84A-F716-F10C-B663345A41EA}"
EndProject
Project("{FAE04EC0-301F-11D3-BF4B-00C04F79EFBC}") = "Unity.TextMeshPro.Editor", "Unity.TextMeshPro.Editor.csproj", "{EC9DD4EA-B06D-6536-258D-28D9AF031AF0}"
EndProject
Project("{FAE04EC0-301F-11D3-BF4B-00C04F79EFBC}") = "Unity.Timeline.Editor", "Unity.Timeline.Editor.csproj", "{A7E7F467-59BC-9639-FF3C-9C503E34038C}"
EndProject
Project("{FAE04EC0-301F-11D3-BF4B-00C04F79EFBC}") = "UnityEditor.UI", "UnityEditor.UI.csproj", "{DE8FA01A-A948-993C-EBF4-0D14E66BDF91}"
EndProject
Project("{FAE04EC0-301F-11D3-BF4B-00C04F79EFBC}") = "Unity.Rider.Editor", "Unity.Rider.Editor.csproj", "{DA0E73BA-A155-4A65-8ADA-83531AD42A39}"
EndProject
Project("{FAE04EC0-301F-11D3-BF4B-00C04F79EFBC}") = "Unity.CollabProxy.Editor", "Unity.CollabProxy.Editor.csproj", "{A758D47D-D7CD-EEFB-7DA5-FBE8C370225D}"
EndProject
Project("{FAE04EC0-301F-11D3-BF4B-00C04F79EFBC}") = "Unity.VSCode.Editor", "Unity.VSCode.Editor.csproj", "{7E89E284-BECD-2575-C800-1BBE36E60D7D}"
EndProject
Global
	GlobalSection(SolutionConfigurationPlatforms) = preSolution
		Debug|Any CPU = Debug|Any CPU
		Release|Any CPU = Release|Any CPU
	EndGlobalSection
	GlobalSection(ProjectConfigurationPlatforms) = postSolution
		{1F6A94D9-7991-A989-A463-0E4D161807FD}.Debug|Any CPU.ActiveCfg = Debug|Any CPU
		{1F6A94D9-7991-A989-A463-0E4D161807FD}.Debug|Any CPU.Build.0 = Debug|Any CPU
		{1F6A94D9-7991-A989-A463-0E4D161807FD}.Release|Any CPU.ActiveCfg = Release|Any CPU
		{1F6A94D9-7991-A989-A463-0E4D161807FD}.Release|Any CPU.Build.0 = Release|Any CPU
		{884E8218-758A-60A5-D178-83F54D59FC2E}.Debug|Any CPU.ActiveCfg = Debug|Any CPU
		{884E8218-758A-60A5-D178-83F54D59FC2E}.Debug|Any CPU.Build.0 = Debug|Any CPU
		{884E8218-758A-60A5-D178-83F54D59FC2E}.Release|Any CPU.ActiveCfg = Release|Any CPU
		{884E8218-758A-60A5-D178-83F54D59FC2E}.Release|Any CPU.Build.0 = Release|Any CPU
		{DF48DB2C-5BDC-F115-3C02-F2365D28530F}.Debug|Any CPU.ActiveCfg = Debug|Any CPU
		{DF48DB2C-5BDC-F115-3C02-F2365D28530F}.Debug|Any CPU.Build.0 = Debug|Any CPU
		{DF48DB2C-5BDC-F115-3C02-F2365D28530F}.Release|Any CPU.ActiveCfg = Release|Any CPU
		{DF48DB2C-5BDC-F115-3C02-F2365D28530F}.Release|Any CPU.Build.0 = Release|Any CPU
		{A41A1EE4-A454-2399-E3D9-066E779B8B74}.Debug|Any CPU.ActiveCfg = Debug|Any CPU
		{A41A1EE4-A454-2399-E3D9-066E779B8B74}.Debug|Any CPU.Build.0 = Debug|Any CPU
		{A41A1EE4-A454-2399-E3D9-066E779B8B74}.Release|Any CPU.ActiveCfg = Release|Any CPU
		{A41A1EE4-A454-2399-E3D9-066E779B8B74}.Release|Any CPU.Build.0 = Release|Any CPU
		{9DBD4DB7-FE83-4585-D7FD-DE981D945B4A}.Debug|Any CPU.ActiveCfg = Debug|Any CPU
		{9DBD4DB7-FE83-4585-D7FD-DE981D945B4A}.Debug|Any CPU.Build.0 = Debug|Any CPU
		{9DBD4DB7-FE83-4585-D7FD-DE981D945B4A}.Release|Any CPU.ActiveCfg = Release|Any CPU
		{9DBD4DB7-FE83-4585-D7FD-DE981D945B4A}.Release|Any CPU.Build.0 = Release|Any CPU
		{95AC5118-D84A-F716-F10C-B663345A41EA}.Debug|Any CPU.ActiveCfg = Debug|Any CPU
		{95AC5118-D84A-F716-F10C-B663345A41EA}.Debug|Any CPU.Build.0 = Debug|Any CPU
		{95AC5118-D84A-F716-F10C-B663345A41EA}.Release|Any CPU.ActiveCfg = Release|Any CPU
		{95AC5118-D84A-F716-F10C-B663345A41EA}.Release|Any CPU.Build.0 = Release|Any CPU
		{EC9DD4EA-B06D-6536-258D-28D9AF031AF0}.Debug|Any CPU.ActiveCfg = Debug|Any CPU
		{EC9DD4EA-B06D-6536-258D-28D9AF031AF0}.Debug|Any CPU.Build.0 = Debug|Any CPU
		{EC9DD4EA-B06D-6536-258D-28D9AF031AF0}.Release|Any CPU.ActiveCfg = Release|Any CPU
		{EC9DD4EA-B06D-6536-258D-28D9AF031AF0}.Release|Any CPU.Build.0 = Release|Any CPU
		{A7E7F467-59BC-9639-FF3C-9C503E34038C}.Debug|Any CPU.ActiveCfg = Debug|Any CPU
		{A7E7F467-59BC-9639-FF3C-9C503E34038C}.Debug|Any CPU.Build.0 = Debug|Any CPU
		{A7E7F467-59BC-9639-FF3C-9C503E34038C}.Release|Any CPU.ActiveCfg = Release|Any CPU
		{A7E7F467-59BC-9639-FF3C-9C503E34038C}.Release|Any CPU.Build.0 = Release|Any CPU
		{DE8FA01A-A948-993C-EBF4-0D14E66BDF91}.Debug|Any CPU.ActiveCfg = Debug|Any CPU
		{DE8FA01A-A948-993C-EBF4-0D14E66BDF91}.Debug|Any CPU.Build.0 = Debug|Any CPU
		{DE8FA01A-A948-993C-EBF4-0D14E66BDF91}.Release|Any CPU.ActiveCfg = Release|Any CPU
		{DE8FA01A-A948-993C-EBF4-0D14E66BDF91}.Release|Any CPU.Build.0 = Release|Any CPU
		{DA0E73BA-A155-4A65-8ADA-83531AD42A39}.Debug|Any CPU.ActiveCfg = Debug|Any CPU
		{DA0E73BA-A155-4A65-8ADA-83531AD42A39}.Debug|Any CPU.Build.0 = Debug|Any CPU
		{DA0E73BA-A155-4A65-8ADA-83531AD42A39}.Release|Any CPU.ActiveCfg = Release|Any CPU
		{DA0E73BA-A155-4A65-8ADA-83531AD42A39}.Release|Any CPU.Build.0 = Release|Any CPU
		{A758D47D-D7CD-EEFB-7DA5-FBE8C370225D}.Debug|Any CPU.ActiveCfg = Debug|Any CPU
		{A758D47D-D7CD-EEFB-7DA5-FBE8C370225D}.Debug|Any CPU.Build.0 = Debug|Any CPU
		{A758D47D-D7CD-EEFB-7DA5-FBE8C370225D}.Release|Any CPU.ActiveCfg = Release|Any CPU
		{A758D47D-D7CD-EEFB-7DA5-FBE8C370225D}.Release|Any CPU.Build.0 = Release|Any CPU
		{7E89E284-BECD-2575-C800-1BBE36E60D7D}.Debug|Any CPU.ActiveCfg = Debug|Any CPU
		{7E89E284-BECD-2575-C800-1BBE36E60D7D}.Debug|Any CPU.Build.0 = Debug|Any CPU
		{7E89E284-BECD-2575-C800-1BBE36E60D7D}.Release|Any CPU.ActiveCfg = Release|Any CPU
		{7E89E284-BECD-2575-C800-1BBE36E60D7D}.Release|Any CPU.Build.0 = Release|Any CPU
	EndGlobalSection
	GlobalSection(SolutionProperties) = preSolution
		HideSolutionNode = FALSE
	EndGlobalSection
EndGlobal
